schema: '2.0'
stages:
  data_ingestion:
    cmd: python src/data_ingestion.py
    deps:
    - path: src/data_ingestion.py
      hash: md5
      md5: 302afb33a074c9cf88091950483d2405
      size: 3972
    params:
      params.yaml:
        data_ingestion.test_size: 0.22
    outs:
    - path: data/raw
      hash: md5
      md5: e2869016de0a48917018751402d40b80.dir
      size: 484846
      nfiles: 2
  preprocessing:
    cmd: python src/preprocessing.py
    deps:
    - path: data/raw
      hash: md5
      md5: e2869016de0a48917018751402d40b80.dir
      size: 484846
      nfiles: 2
    - path: src/preprocessing.py
      hash: md5
      md5: ee6ac7a1378142d412d67dec6dadfd69
      size: 4475
    outs:
    - path: data/interim
      hash: md5
      md5: 81d80390b3d56aed6d23c25eb73c7363.dir
      size: 260811
      nfiles: 2
  feature_engg:
    cmd: python src/feature_engg.py
    deps:
    - path: data/interim
      hash: md5
      md5: 81d80390b3d56aed6d23c25eb73c7363.dir
      size: 260811
      nfiles: 2
    - path: src/feature_engg.py
      hash: md5
      md5: e0d6200de8d0564079d42bcaafa9f1a8
      size: 4106
    params:
      params.yaml:
        feature_engg.max_features: 45
    outs:
    - path: data/processed
      hash: md5
      md5: 779023fd54986cec8c58ab36cc01dee5.dir
      size: 1067039
      nfiles: 2
  model_training:
    cmd: python src/model_training.py
    deps:
    - path: data/processed
      hash: md5
      md5: 779023fd54986cec8c58ab36cc01dee5.dir
      size: 1067039
      nfiles: 2
    - path: src/model_training.py
      hash: md5
      md5: ecceef78394f05db2656b2b0d0b40b95
      size: 4479
    params:
      params.yaml:
        model_training.n_estimators: 20
        model_training.random_state: 2
    outs:
    - path: models/model.pkl
      hash: md5
      md5: 283b861d250eb1d662e9b01242c57693
      size: 763707
  model_evaluation:
    cmd: python src/model_evaluation.py
    deps:
    - path: models/model.pkl
      hash: md5
      md5: 283b861d250eb1d662e9b01242c57693
      size: 763707
    - path: src/model_evaluation.py
      hash: md5
      md5: d34667b34b125e0072a98a5601b61d82
      size: 4662
    outs:
    - path: reports/metrics.json
      hash: md5
      md5: 8f4424797bc2f47a5fb3fc41a8c9cf94
      size: 145
